// !$*UTF8*$!
{
	archiveVersion = 1;
	classes = {
	};
	objectVersion = 46;
	objects = {

/* Begin PBXBuildFile section */
		A82E006320C90DFC00312A3A /* RCTWeiBo.m in Sources */ = {isa = PBXBuildFile; fileRef = A82E006220C90DFC00312A3A /* RCTWeiBo.m */; };
		A82E00A720C9214D00312A3A /* libWeiboSDK.a in Frameworks */ = {isa = PBXBuildFile; fileRef = A82E00A320C9214100312A3A /* libWeiboSDK.a */; };
/* End PBXBuildFile section */

/* Begin PBXCopyFilesBuildPhase section */
		915450F31C3D1520000CBFD2 /* CopyFiles */ = {
			isa = PBXCopyFilesBuildPhase;
			buildActionMask = 2147483647;
			dstPath = "include/$(PRODUCT_NAME)";
			dstSubfolderSpec = 16;
			files = (
			);
			runOnlyForDeploymentPostprocessing = 0;
		};
/* End PBXCopyFilesBuildPhase section */

/* Begin PBXFileReference section */
		915450F51C3D1520000CBFD2 /* libRCTWeiBo.a */ = {isa = PBXFileReference; explicitFileType = archive.ar; includeInIndex = 0; path = libRCTWeiBo.a; sourceTree = BUILT_PRODUCTS_DIR; };
		A82E006020C90DFC00312A3A /* RCTWeiBo.h */ = {isa = PBXFileReference; fileEncoding = 4; lastKnownFileType = sourcecode.c.h; path = RCTWeiBo.h; sourceTree = "<group>"; };
		A82E006220C90DFC00312A3A /* RCTWeiBo.m */ = {isa = PBXFileReference; fileEncoding = 4; lastKnownFileType = sourcecode.c.objc; path = RCTWeiBo.m; sourceTree = "<group>"; };
		A82E006520C90E0500312A3A /* libWeiboSDK.a */ = {isa = PBXFileReference; lastKnownFileType = archive.ar; name = libWeiboSDK.a; path = libWeiboSDK/libWeiboSDK.a; sourceTree = "<group>"; };
		A82E00A220C9214100312A3A /* WBHttpRequest.h */ = {isa = PBXFileReference; fileEncoding = 4; lastKnownFileType = sourcecode.c.h; path = WBHttpRequest.h; sourceTree = "<group>"; };
		A82E00A320C9214100312A3A /* libWeiboSDK.a */ = {isa = PBXFileReference; lastKnownFileType = archive.ar; path = libWeiboSDK.a; sourceTree = "<group>"; };
		A82E00A420C9214100312A3A /* WeiboSDK.bundle */ = {isa = PBXFileReference; lastKnownFileType = "wrapper.plug-in"; path = WeiboSDK.bundle; sourceTree = "<group>"; };
		A82E00A520C9214200312A3A /* WeiboSDK.h */ = {isa = PBXFileReference; fileEncoding = 4; lastKnownFileType = sourcecode.c.h; path = WeiboSDK.h; sourceTree = "<group>"; };
/* End PBXFileReference section */

/* Begin PBXFrameworksBuildPhase section */
		915450F21C3D1520000CBFD2 /* Frameworks */ = {
			isa = PBXFrameworksBuildPhase;
			buildActionMask = 2147483647;
			files = (
				A82E00A720C9214D00312A3A /* libWeiboSDK.a in Frameworks */,
			);
			runOnlyForDeploymentPostprocessing = 0;
		};
/* End PBXFrameworksBuildPhase section */

/* Begin PBXGroup section */
		915450EC1C3D1520000CBFD2 = {
			isa = PBXGroup;
			children = (
				A82E00A120C9211A00312A3A /* libWeiboSDK */,
				A82E006020C90DFC00312A3A /* RCTWeiBo.h */,
				A82E006220C90DFC00312A3A /* RCTWeiBo.m */,
				915450F61C3D1520000CBFD2 /* Products */,
				A82E006420C90E0500312A3A /* Frameworks */,
			);
			sourceTree = "<group>";
		};
		915450F61C3D1520000CBFD2 /* Products */ = {
			isa = PBXGroup;
			children = (
				915450F51C3D1520000CBFD2 /* libRCTWeiBo.a */,
			);
			name = Products;
			sourceTree = "<group>";
		};
		A82E006420C90E0500312A3A /* Frameworks */ = {
			isa = PBXGroup;
			children = (
				A82E006520C90E0500312A3A /* libWeiboSDK.a */,
			);
			name = Frameworks;
			sourceTree = "<group>";
		};
		A82E00A120C9211A00312A3A /* libWeiboSDK */ = {
			isa = PBXGroup;
			children = (
				A82E00A320C9214100312A3A /* libWeiboSDK.a */,
				A82E00A220C9214100312A3A /* WBHttpRequest.h */,
				A82E00A420C9214100312A3A /* WeiboSDK.bundle */,
				A82E00A520C9214200312A3A /* WeiboSDK.h */,
			);
			name = libWeiboSDK;
			sourceTree = "<group>";
		};
/* End PBXGroup section */

/* Begin PBXNativeTarget section */
		915450F41C3D1520000CBFD2 /* RCTWeiBo */ = {
			isa = PBXNativeTarget;
			buildConfigurationList = 915450FE1C3D1520000CBFD2 /* Build configuration list for PBXNativeTarget "RCTWeiBo" */;
			buildPhases = (
				915450F11C3D1520000CBFD2 /* Sources */,
				915450F21C3D1520000CBFD2 /* Frameworks */,
				915450F31C3D1520000CBFD2 /* CopyFiles */,
			);
			buildRules = (
			);
			dependencies = (
			);
			name = RCTWeiBo;
			productName = RCTWeiboAPI;
			productReference = 915450F51C3D1520000CBFD2 /* libRCTWeiBo.a */;
			productType = "com.apple.product-type.library.static";
		};
/* End PBXNativeTarget section */

/* Begin PBXProject section */
		915450ED1C3D1520000CBFD2 /* Project object */ = {
			isa = PBXProject;
			attributes = {
				LastUpgradeCheck = 0720;
				ORGANIZATIONNAME = erica;
				TargetAttributes = {
					915450F41C3D1520000CBFD2 = {
						CreatedOnToolsVersion = 7.2;
					};
				};
			};
			buildConfigurationList = 915450F01C3D1520000CBFD2 /* Build configuration list for PBXProject "RCTWeiBo" */;
			compatibilityVersion = "Xcode 3.2";
			developmentRegion = English;
			hasScannedForEncodings = 0;
			knownRegions = (
				en,
			);
			mainGroup = 915450EC1C3D1520000CBFD2;
			productRefGroup = 915450F61C3D1520000CBFD2 /* Products */;
			projectDirPath = "";
			projectRoot = "";
			targets = (
				915450F41C3D1520000CBFD2 /* RCTWeiBo */,
			);
		};
/* End PBXProject section */

/* Begin PBXSourcesBuildPhase section */
		915450F11C3D1520000CBFD2 /* Sources */ = {
			isa = PBXSourcesBuildPhase;
			buildActionMask = 2147483647;
			files = (
				A82E006320C90DFC00312A3A /* RCTWeiBo.m in Sources */,
			);
			runOnlyForDeploymentPostprocessing = 0;
		};
/* End PBXSourcesBuildPhase section */

/* Begin XCBuildConfiguration section */
		915450FC1C3D1520000CBFD2 /* Debug */ = {
			isa = XCBuildConfiguration;
			buildSettings = {
				ALWAYS_SEARCH_USER_PATHS = NO;
				CLANG_CXX_LANGUAGE_STANDARD = "gnu++0x";
				CLANG_CXX_LIBRARY = "libc++";
				CLANG_ENABLE_MODULES = YES;
				CLANG_ENABLE_OBJC_ARC = YES;
				CLANG_WARN_BOOL_CONVERSION = YES;
				CLANG_WARN_CONSTANT_CONVERSION = YES;
				CLANG_WARN_DIRECT_OBJC_ISA_USAGE = YES_ERROR;
				CLANG_WARN_EMPTY_BODY = YES;
				CLANG_WARN_ENUM_CONVERSION = YES;
				CLANG_WARN_INT_CONVERSION = YES;
				CLANG_WARN_OBJC_ROOT_CLASS = YES_ERROR;
				CLANG_WARN_UNREACHABLE_CODE = YES;
				CLANG_WARN__DUPLICATE_METHOD_MATCH = YES;
				"CODE_SIGN_IDENTITY[sdk=iphoneos*]" = "iPhone Developer";
				COPY_PHASE_STRIP = NO;
				DEBUG_INFORMATION_FORMAT = dwarf;
				ENABLE_STRICT_OBJC_MSGSEND = YES;
				ENABLE_TESTABILITY = YES;
				GCC_C_LANGUAGE_STANDARD = gnu99;
				GCC_DYNAMIC_NO_PIC = NO;
				GCC_NO_COMMON_BLOCKS = YES;
				GCC_OPTIMIZATION_LEVEL = 0;
				GCC_PREPROCESSOR_DEFINITIONS = (
					"DEBUG=1",
					"$(inherited)",
				);
				GCC_WARN_64_TO_32_BIT_CONVERSION = YES;
				GCC_WARN_ABOUT_RETURN_TYPE = YES_ERROR;
				GCC_WARN_UNDECLARED_SELECTOR = YES;
				GCC_WARN_UNINITIALIZED_AUTOS = YES_AGGRESSIVE;
				GCC_WARN_UNUSED_FUNCTION = YES;
				GCC_WARN_UNUSED_VARIABLE = YES;
				IPHONEOS_DEPLOYMENT_TARGET = 9.2;
				MTL_ENABLE_DEBUG_INFO = YES;
				ONLY_ACTIVE_ARCH = YES;
				SDKROOT = iphoneos;
			};
			name = Debug;
		};
		915450FD1C3D1520000CBFD2 /* Release */ = {
			isa = XCBuildConfiguration;
			buildSettings = {
				ALWAYS_SEARCH_USER_PATHS = NO;
				CLANG_CXX_LANGUAGE_STANDARD = "gnu++0x";
				CLANG_CXX_LIBRARY = "libc++";
				CLANG_ENABLE_MODULES = YES;
				CLANG_ENABLE_OBJC_ARC = YES;
				CLANG_WARN_BOOL_CONVERSION = YES;
				CLANG_WARN_CONSTANT_CONVERSION = YES;
				CLANG_WARN_DIRECT_OBJC_ISA_USAGE = YES_ERROR;
				CLANG_WARN_EMPTY_BODY = YES;
				CLANG_WARN_ENUM_CONVERSION = YES;
				CLANG_WARN_INT_CONVERSION = YES;
				CLANG_WARN_OBJC_ROOT_CLASS = YES_ERROR;
				CLANG_WARN_UNREACHABLE_CODE = YES;
				CLANG_WARN__DUPLICATE_METHOD_MATCH = YES;
				"CODE_SIGN_IDENTITY[sdk=iphoneos*]" = "iPhone Developer";
				COPY_PHASE_STRIP = NO;
				DEBUG_INFORMATION_FORMAT = "dwarf-with-dsym";
				ENABLE_NS_ASSERTIONS = NO;
				ENABLE_STRICT_OBJC_MSGSEND = YES;
				GCC_C_LANGUAGE_STANDARD = gnu99;
				GCC_NO_COMMON_BLOCKS = YES;
				GCC_WARN_64_TO_32_BIT_CONVERSION = YES;
				GCC_WARN_ABOUT_RETURN_TYPE = YES_ERROR;
				GCC_WARN_UNDECLARED_SELECTOR = YES;
				GCC_WARN_UNINITIALIZED_AUTOS = YES_AGGRESSIVE;
				GCC_WARN_UNUSED_FUNCTION = YES;
				GCC_WARN_UNUSED_VARIABLE = YES;
				IPHONEOS_DEPLOYMENT_TARGET = 9.2;
				MTL_ENABLE_DEBUG_INFO = NO;
				SDKROOT = iphoneos;
				VALIDATE_PRODUCT = YES;
			};
			name = Release;
		};
		915450FF1C3D1520000CBFD2 /* Debug */ = {
			isa = XCBuildConfiguration;
			buildSettings = {
				HEADER_SEARCH_PATHS = (
					"$(inherited)",
					"$(SRCROOT)/../../../ios/Pods/Headers/Public/**",
					"$(SRCROOT)/../../react-native/React/**",
					"$(SRCROOT)/../../react-native/Libraries/**",
					"$(BUILT_PRODUCTS_DIR)/include/**",
				);
				LIBRARY_SEARCH_PATHS = (
					"$(inherited)",
					"$(PROJECT_DIR)/libWeiboSDK",
					"$(PROJECT_DIR)",
				);
				OTHER_LDFLAGS = "-ObjC";
				PRODUCT_NAME = "$(TARGET_NAME)";
				SKIP_INSTALL = YES;
			};
			name = Debug;
		};
		915451001C3D1520000CBFD2 /* Release */ = {
			isa = XCBuildConfiguration;
			buildSettings = {
				HEADER_SEARCH_PATHS = (
					"$(inherited)",
					"$(SRCROOT)/../../../ios/Pods/Headers/Public/**",
					"$(SRCROOT)/../../react-native/React/**",
					"$(SRCROOT)/../../react-native/Libraries/**",
					"$(BUILT_PRODUCTS_DIR)/include/**",
				);
				LIBRARY_SEARCH_PATHS = (
					"$(inherited)",
					"$(PROJECT_DIR)/libWeiboSDK",
					"$(PROJECT_DIR)",
				);
				OTHER_LDFLAGS = "-ObjC";
				PRODUCT_NAME = "$(TARGET_NAME)";
				SKIP_INSTALL = YES;
			};
			name = Release;
		};
/* End XCBuildConfiguration section */

/* Begin XCConfigurationList section */
		915450F01C3D1520000CBFD2 /* Build configuration list for PBXProject "RCTWeiBo" */ = {
			isa = XCConfigurationList;
			buildConfigurations = (
				915450FC1C3D1520000CBFD2 /* Debug */,
				915450FD1C3D1520000CBFD2 /* Release */,
			);
			defaultConfigurationIsVisible = 0;
			defaultConfigurationName = Release;
		};
		915450FE1C3D1520000CBFD2 /* Build configuration list for PBXNativeTarget "RCTWeiBo" */ = {
			isa = XCConfigurationList;
			buildConfigurations = (
				915450FF1C3D1520000CBFD2 /* Debug */,
				915451001C3D1520000CBFD2 /* Release */,
			);
			defaultConfigurationIsVisible = 0;
			defaultConfigurationName = Release;
		};
/* End XCConfigurationList section */
	};
	rootObject = 915450ED1C3D1520000CBFD2 /* Project object */;
}
